
Microsoft Visual Studio Solution File, Format Version 12.00
# Visual Studio Version 16
VisualStudioVersion = 16.0.30406.217
MinimumVisualStudioVersion = 10.0.40219.1
Project("{9A19103F-16F7-4668-BE54-9A1E7A4F7556}") = "SmartHome.ControlApi", "SmartHome.ControlApi\SmartHome.ControlApi.csproj", "{E2B251FD-5882-495E-8F57-DDE827B5E349}"
EndProject
Project("{9A19103F-16F7-4668-BE54-9A1E7A4F7556}") = "SmartHome.Model", "SmartHome.Model\SmartHome.Model.csproj", "{6E956F48-0464-4BE0-8EB0-4376C07234DA}"
EndProject
Project("{E53339B2-1760-4266-BCC7-CA923CBCF16C}") = "docker-compose", "docker-compose.dcproj", "{11167479-C779-441A-B3E8-BF79F29A6E30}"
EndProject
Project("{9A19103F-16F7-4668-BE54-9A1E7A4F7556}") = "SmartHome.EventlogApi", "SmartHome.EventlogApi\SmartHome.EventlogApi.csproj", "{664465A0-458E-4C4D-BF8D-CC3958765CB2}"
EndProject
Project("{9A19103F-16F7-4668-BE54-9A1E7A4F7556}") = "SmartHome.Net", "SmartHome.Net\SmartHome.Net.csproj", "{3299394B-A103-45D6-9242-DD47F0402126}"
EndProject
Project("{9A19103F-16F7-4668-BE54-9A1E7A4F7556}") = "SmartHome.IdentityServer", "SmartHome.IdentityServer\SmartHome.IdentityServer.csproj", "{0BCEEC9B-F050-4694-87D4-A11FEC0083D3}"
EndProject
Project("{9A19103F-16F7-4668-BE54-9A1E7A4F7556}") = "SmartHome.IdentityClient", "SmartHome.IdentityClient\SmartHome.IdentityClient.csproj", "{8C3BAA78-6F9F-4DDA-818B-A5958F95A5A5}"
EndProject
Project("{FAE04EC0-301F-11D3-BF4B-00C04F79EFBC}") = "SmartHome.AuthApi", "Smarthome.AuthApi\SmartHome.AuthApi.csproj", "{B6FF8E9A-22BF-4A02-AA5A-8E7A15986914}"
EndProject
Global
	GlobalSection(SolutionConfigurationPlatforms) = preSolution
		Debug|Any CPU = Debug|Any CPU
		Release|Any CPU = Release|Any CPU
	EndGlobalSection
	GlobalSection(ProjectConfigurationPlatforms) = postSolution
		{E2B251FD-5882-495E-8F57-DDE827B5E349}.Debug|Any CPU.ActiveCfg = Debug|Any CPU
		{E2B251FD-5882-495E-8F57-DDE827B5E349}.Debug|Any CPU.Build.0 = Debug|Any CPU
		{E2B251FD-5882-495E-8F57-DDE827B5E349}.Release|Any CPU.ActiveCfg = Release|Any CPU
		{E2B251FD-5882-495E-8F57-DDE827B5E349}.Release|Any CPU.Build.0 = Release|Any CPU
		{6E956F48-0464-4BE0-8EB0-4376C07234DA}.Debug|Any CPU.ActiveCfg = Debug|Any CPU
		{6E956F48-0464-4BE0-8EB0-4376C07234DA}.Debug|Any CPU.Build.0 = Debug|Any CPU
		{6E956F48-0464-4BE0-8EB0-4376C07234DA}.Release|Any CPU.ActiveCfg = Release|Any CPU
		{6E956F48-0464-4BE0-8EB0-4376C07234DA}.Release|Any CPU.Build.0 = Release|Any CPU
		{11167479-C779-441A-B3E8-BF79F29A6E30}.Debug|Any CPU.ActiveCfg = Debug|Any CPU
		{11167479-C779-441A-B3E8-BF79F29A6E30}.Debug|Any CPU.Build.0 = Debug|Any CPU
		{11167479-C779-441A-B3E8-BF79F29A6E30}.Release|Any CPU.ActiveCfg = Release|Any CPU
		{11167479-C779-441A-B3E8-BF79F29A6E30}.Release|Any CPU.Build.0 = Release|Any CPU
		{664465A0-458E-4C4D-BF8D-CC3958765CB2}.Debug|Any CPU.ActiveCfg = Debug|Any CPU
		{664465A0-458E-4C4D-BF8D-CC3958765CB2}.Debug|Any CPU.Build.0 = Debug|Any CPU
		{664465A0-458E-4C4D-BF8D-CC3958765CB2}.Release|Any CPU.ActiveCfg = Release|Any CPU
		{664465A0-458E-4C4D-BF8D-CC3958765CB2}.Release|Any CPU.Build.0 = Release|Any CPU
		{3299394B-A103-45D6-9242-DD47F0402126}.Debug|Any CPU.ActiveCfg = Debug|Any CPU
		{3299394B-A103-45D6-9242-DD47F0402126}.Debug|Any CPU.Build.0 = Debug|Any CPU
		{3299394B-A103-45D6-9242-DD47F0402126}.Release|Any CPU.ActiveCfg = Release|Any CPU
		{3299394B-A103-45D6-9242-DD47F0402126}.Release|Any CPU.Build.0 = Release|Any CPU
		{0BCEEC9B-F050-4694-87D4-A11FEC0083D3}.Debug|Any CPU.ActiveCfg = Debug|Any CPU
		{0BCEEC9B-F050-4694-87D4-A11FEC0083D3}.Debug|Any CPU.Build.0 = Debug|Any CPU
		{0BCEEC9B-F050-4694-87D4-A11FEC0083D3}.Release|Any CPU.ActiveCfg = Release|Any CPU
		{0BCEEC9B-F050-4694-87D4-A11FEC0083D3}.Release|Any CPU.Build.0 = Release|Any CPU
		{8C3BAA78-6F9F-4DDA-818B-A5958F95A5A5}.Debug|Any CPU.ActiveCfg = Debug|Any CPU
		{8C3BAA78-6F9F-4DDA-818B-A5958F95A5A5}.Debug|Any CPU.Build.0 = Debug|Any CPU
		{8C3BAA78-6F9F-4DDA-818B-A5958F95A5A5}.Release|Any CPU.ActiveCfg = Release|Any CPU
		{8C3BAA78-6F9F-4DDA-818B-A5958F95A5A5}.Release|Any CPU.Build.0 = Release|Any CPU
		{B6FF8E9A-22BF-4A02-AA5A-8E7A15986914}.Debug|Any CPU.ActiveCfg = Debug|Any CPU
		{B6FF8E9A-22BF-4A02-AA5A-8E7A15986914}.Debug|Any CPU.Build.0 = Debug|Any CPU
		{B6FF8E9A-22BF-4A02-AA5A-8E7A15986914}.Release|Any CPU.ActiveCfg = Release|Any CPU
		{B6FF8E9A-22BF-4A02-AA5A-8E7A15986914}.Release|Any CPU.Build.0 = Release|Any CPU
	EndGlobalSection
	GlobalSection(SolutionProperties) = preSolution
		HideSolutionNode = FALSE
	EndGlobalSection
	GlobalSection(ExtensibilityGlobals) = postSolution
		SolutionGuid = {BB97FDDB-E0BF-47F6-956F-0D782446AAB9}
	EndGlobalSection
EndGlobal
